
Microsoft Visual Studio Solution File, Format Version 12.00
# Visual Studio Version 17
VisualStudioVersion = 17.14.36429.23 d17.14
MinimumVisualStudioVersion = 10.0.40219.1
Project("{FAE04EC0-301F-11D3-BF4B-00C04F79EFBC}") = "AlexaAnillosDone", "AlexaAnillosDone\AlexaAnillosDone.csproj", "{3B906D1D-58A4-498E-A072-403F6155A4F4}"
EndProject
Global
	GlobalSection(SolutionConfigurationPlatforms) = preSolution
		Debug|Any CPU = Debug|Any CPU
		Release|Any CPU = Release|Any CPU
	EndGlobalSection
	GlobalSection(ProjectConfigurationPlatforms) = postSolution
		{3B906D1D-58A4-498E-A072-403F6155A4F4}.Debug|Any CPU.ActiveCfg = Debug|Any CPU
		{3B906D1D-58A4-498E-A072-403F6155A4F4}.Debug|Any CPU.Build.0 = Debug|Any CPU
		{3B906D1D-58A4-498E-A072-403F6155A4F4}.Release|Any CPU.ActiveCfg = Release|Any CPU
		{3B906D1D-58A4-498E-A072-403F6155A4F4}.Release|Any CPU.Build.0 = Release|Any CPU
	EndGlobalSection
	GlobalSection(SolutionProperties) = preSolution
		HideSolutionNode = FALSE
	EndGlobalSection
	GlobalSection(ExtensibilityGlobals) = postSolution
		SolutionGuid = {5D8EA93F-70D1-4AD6-9FEC-4755CAB8E760}
	EndGlobalSection
EndGlobal
